
Microsoft Visual Studio Solution File, Format Version 9.00
# Visual Studio 2005
Project("{8BC9CEB8-8B4A-11D0-8D11-00A0C91BC942}") = "3DUserPic", "3DUserPic\3DUserPic.vcproj", "{27444591-9FD3-4CC1-9B8E-A8F3ADD56946}"
EndProject
Global
	GlobalSection(SolutionConfigurationPlatforms) = preSolution
		Debug|Win32 = Debug|Win32
		Release|Win32 = Release|Win32
	EndGlobalSection
	GlobalSection(ProjectConfigurationPlatforms) = postSolution
		{27444591-9FD3-4CC1-9B8E-A8F3ADD56946}.Debug|Win32.ActiveCfg = Debug|Win32
		{27444591-9FD3-4CC1-9B8E-A8F3ADD56946}.Debug|Win32.Build.0 = Debug|Win32
		{27444591-9FD3-4CC1-9B8E-A8F3ADD56946}.Release|Win32.ActiveCfg = Release|Win32
		{27444591-9FD3-4CC1-9B8E-A8F3ADD56946}.Release|Win32.Build.0 = Release|Win32
	EndGlobalSection
	GlobalSection(SolutionProperties) = preSolution
		HideSolutionNode = FALSE
	EndGlobalSection
EndGlobal
